// !$*UTF8*$!
{
	archiveVersion = 1;
	classes = {
	};
	objectVersion = 55;
	objects = {

/* Begin PBXBuildFile section */
		BB3236F22857D1AB00A2AF34 /* WidgetKit.framework in Frameworks */ = {isa = PBXBuildFile; fileRef = BB3236F12857D1AB00A2AF34 /* WidgetKit.framework */; };
		BB3236F42857D1AB00A2AF34 /* SwiftUI.framework in Frameworks */ = {isa = PBXBuildFile; fileRef = BB3236F32857D1AB00A2AF34 /* SwiftUI.framework */; };
		BB3236F72857D1AB00A2AF34 /* ToDoAppSwiftUIWidget.swift in Sources */ = {isa = PBXBuildFile; fileRef = BB3236F62857D1AB00A2AF34 /* ToDoAppSwiftUIWidget.swift */; };
		BB3236FA2857D1AD00A2AF34 /* Assets.xcassets in Resources */ = {isa = PBXBuildFile; fileRef = BB3236F92857D1AD00A2AF34 /* Assets.xcassets */; };
		BB3236FC2857D1AD00A2AF34 /* ToDoAppSwiftUIWidget.intentdefinition in Sources */ = {isa = PBXBuildFile; fileRef = BB3236F82857D1AB00A2AF34 /* ToDoAppSwiftUIWidget.intentdefinition */; };
		BB3236FD2857D1AD00A2AF34 /* ToDoAppSwiftUIWidget.intentdefinition in Sources */ = {isa = PBXBuildFile; fileRef = BB3236F82857D1AB00A2AF34 /* ToDoAppSwiftUIWidget.intentdefinition */; };
		BB3237002857D1AD00A2AF34 /* ToDoAppSwiftUIWidgetExtension.appex in Embed App Extensions */ = {isa = PBXBuildFile; fileRef = BB3236EF2857D1AB00A2AF34 /* ToDoAppSwiftUIWidgetExtension.appex */; settings = {ATTRIBUTES = (RemoveHeadersOnCopy, ); }; };
		BB3237052857D58500A2AF34 /* Assets.xcassets in Resources */ = {isa = PBXBuildFile; fileRef = BB7CB2E227FF8F2800D2240F /* Assets.xcassets */; };
		BB3237062857D61400A2AF34 /* Utilities.swift in Sources */ = {isa = PBXBuildFile; fileRef = BB6D14722822270900E0D81F /* Utilities.swift */; };
		BB6D14732822270900E0D81F /* Utilities.swift in Sources */ = {isa = PBXBuildFile; fileRef = BB6D14722822270900E0D81F /* Utilities.swift */; };
		BB6D1476282229FE00E0D81F /* HideKeyboardExt.swift in Sources */ = {isa = PBXBuildFile; fileRef = BB6D1475282229FE00E0D81F /* HideKeyboardExt.swift */; };
		BB6D147828222F3800E0D81F /* BackgroundImageView.swift in Sources */ = {isa = PBXBuildFile; fileRef = BB6D147728222F3800E0D81F /* BackgroundImageView.swift */; };
		BB6D147A282230FA00E0D81F /* AddItemView.swift in Sources */ = {isa = PBXBuildFile; fileRef = BB6D1479282230FA00E0D81F /* AddItemView.swift */; };
		BB6D147F282237AA00E0D81F /* BlankView.swift in Sources */ = {isa = PBXBuildFile; fileRef = BB6D147E282237AA00E0D81F /* BlankView.swift */; };
		BB6D148128223E5D00E0D81F /* ItemRowView.swift in Sources */ = {isa = PBXBuildFile; fileRef = BB6D148028223E5D00E0D81F /* ItemRowView.swift */; };
		BB6D14832822404600E0D81F /* CheckboxView.swift in Sources */ = {isa = PBXBuildFile; fileRef = BB6D14822822404600E0D81F /* CheckboxView.swift */; };
		BB6D14852822474600E0D81F /* AudioPlayer.swift in Sources */ = {isa = PBXBuildFile; fileRef = BB6D14842822474600E0D81F /* AudioPlayer.swift */; };
		BB7CB2DF27FF8F2700D2240F /* ToDoAppSwiftUIApp.swift in Sources */ = {isa = PBXBuildFile; fileRef = BB7CB2DE27FF8F2700D2240F /* ToDoAppSwiftUIApp.swift */; };
		BB7CB2E127FF8F2700D2240F /* ContentView.swift in Sources */ = {isa = PBXBuildFile; fileRef = BB7CB2E027FF8F2700D2240F /* ContentView.swift */; };
		BB7CB2E327FF8F2800D2240F /* Assets.xcassets in Resources */ = {isa = PBXBuildFile; fileRef = BB7CB2E227FF8F2800D2240F /* Assets.xcassets */; };
		BB7CB2E627FF8F2800D2240F /* Preview Assets.xcassets in Resources */ = {isa = PBXBuildFile; fileRef = BB7CB2E527FF8F2800D2240F /* Preview Assets.xcassets */; };
		BB7CB2E827FF8F2800D2240F /* Persistence.swift in Sources */ = {isa = PBXBuildFile; fileRef = BB7CB2E727FF8F2800D2240F /* Persistence.swift */; };
		BB7CB2EB27FF8F2800D2240F /* ToDoAppSwiftUI.xcdatamodeld in Sources */ = {isa = PBXBuildFile; fileRef = BB7CB2E927FF8F2800D2240F /* ToDoAppSwiftUI.xcdatamodeld */; };
		BB7CB2F527FF90ED00D2240F /* sound-rise.mp3 in Resources */ = {isa = PBXBuildFile; fileRef = BB7CB2F227FF90ED00D2240F /* sound-rise.mp3 */; };
		BB7CB2F627FF90ED00D2240F /* sound-ding.mp3 in Resources */ = {isa = PBXBuildFile; fileRef = BB7CB2F327FF90ED00D2240F /* sound-ding.mp3 */; };
		BB7CB2F727FF90ED00D2240F /* sound-tap.mp3 in Resources */ = {isa = PBXBuildFile; fileRef = BB7CB2F427FF90ED00D2240F /* sound-tap.mp3 */; };
/* End PBXBuildFile section */

/* Begin PBXContainerItemProxy section */
		BB3236FE2857D1AD00A2AF34 /* PBXContainerItemProxy */ = {
			isa = PBXContainerItemProxy;
			containerPortal = BB7CB2D327FF8F2700D2240F /* Project object */;
			proxyType = 1;
			remoteGlobalIDString = BB3236EE2857D1AB00A2AF34;
			remoteInfo = ToDoAppSwiftUIWidgetExtension;
		};
/* End PBXContainerItemProxy section */

/* Begin PBXCopyFilesBuildPhase section */
		BB3237012857D1AD00A2AF34 /* Embed App Extensions */ = {
			isa = PBXCopyFilesBuildPhase;
			buildActionMask = 2147483647;
			dstPath = "";
			dstSubfolderSpec = 13;
			files = (
				BB3237002857D1AD00A2AF34 /* ToDoAppSwiftUIWidgetExtension.appex in Embed App Extensions */,
			);
			name = "Embed App Extensions";
			runOnlyForDeploymentPostprocessing = 0;
		};
/* End PBXCopyFilesBuildPhase section */

/* Begin PBXFileReference section */
		BB3236EF2857D1AB00A2AF34 /* ToDoAppSwiftUIWidgetExtension.appex */ = {isa = PBXFileReference; explicitFileType = "wrapper.app-extension"; includeInIndex = 0; path = ToDoAppSwiftUIWidgetExtension.appex; sourceTree = BUILT_PRODUCTS_DIR; };
		BB3236F12857D1AB00A2AF34 /* WidgetKit.framework */ = {isa = PBXFileReference; lastKnownFileType = wrapper.framework; name = WidgetKit.framework; path = System/Library/Frameworks/WidgetKit.framework; sourceTree = SDKROOT; };
		BB3236F32857D1AB00A2AF34 /* SwiftUI.framework */ = {isa = PBXFileReference; lastKnownFileType = wrapper.framework; name = SwiftUI.framework; path = System/Library/Frameworks/SwiftUI.framework; sourceTree = SDKROOT; };
		BB3236F62857D1AB00A2AF34 /* ToDoAppSwiftUIWidget.swift */ = {isa = PBXFileReference; lastKnownFileType = sourcecode.swift; path = ToDoAppSwiftUIWidget.swift; sourceTree = "<group>"; };
		BB3236F82857D1AB00A2AF34 /* ToDoAppSwiftUIWidget.intentdefinition */ = {isa = PBXFileReference; lastKnownFileType = file.intentdefinition; path = ToDoAppSwiftUIWidget.intentdefinition; sourceTree = "<group>"; };
		BB3236F92857D1AD00A2AF34 /* Assets.xcassets */ = {isa = PBXFileReference; lastKnownFileType = folder.assetcatalog; path = Assets.xcassets; sourceTree = "<group>"; };
		BB3236FB2857D1AD00A2AF34 /* Info.plist */ = {isa = PBXFileReference; lastKnownFileType = text.plist.xml; path = Info.plist; sourceTree = "<group>"; };
		BB6D14722822270900E0D81F /* Utilities.swift */ = {isa = PBXFileReference; lastKnownFileType = sourcecode.swift; path = Utilities.swift; sourceTree = "<group>"; };
		BB6D1475282229FE00E0D81F /* HideKeyboardExt.swift */ = {isa = PBXFileReference; lastKnownFileType = sourcecode.swift; path = HideKeyboardExt.swift; sourceTree = "<group>"; };
		BB6D147728222F3800E0D81F /* BackgroundImageView.swift */ = {isa = PBXFileReference; lastKnownFileType = sourcecode.swift; path = BackgroundImageView.swift; sourceTree = "<group>"; };
		BB6D1479282230FA00E0D81F /* AddItemView.swift */ = {isa = PBXFileReference; lastKnownFileType = sourcecode.swift; path = AddItemView.swift; sourceTree = "<group>"; };
		BB6D147E282237AA00E0D81F /* BlankView.swift */ = {isa = PBXFileReference; lastKnownFileType = sourcecode.swift; path = BlankView.swift; sourceTree = "<group>"; };
		BB6D148028223E5D00E0D81F /* ItemRowView.swift */ = {isa = PBXFileReference; lastKnownFileType = sourcecode.swift; path = ItemRowView.swift; sourceTree = "<group>"; };
		BB6D14822822404600E0D81F /* CheckboxView.swift */ = {isa = PBXFileReference; lastKnownFileType = sourcecode.swift; path = CheckboxView.swift; sourceTree = "<group>"; };
		BB6D14842822474600E0D81F /* AudioPlayer.swift */ = {isa = PBXFileReference; lastKnownFileType = sourcecode.swift; path = AudioPlayer.swift; sourceTree = "<group>"; };
		BB7CB2DB27FF8F2700D2240F /* ToDoAppSwiftUI.app */ = {isa = PBXFileReference; explicitFileType = wrapper.application; includeInIndex = 0; path = ToDoAppSwiftUI.app; sourceTree = BUILT_PRODUCTS_DIR; };
		BB7CB2DE27FF8F2700D2240F /* ToDoAppSwiftUIApp.swift */ = {isa = PBXFileReference; lastKnownFileType = sourcecode.swift; path = ToDoAppSwiftUIApp.swift; sourceTree = "<group>"; };
		BB7CB2E027FF8F2700D2240F /* ContentView.swift */ = {isa = PBXFileReference; lastKnownFileType = sourcecode.swift; path = ContentView.swift; sourceTree = "<group>"; };
		BB7CB2E227FF8F2800D2240F /* Assets.xcassets */ = {isa = PBXFileReference; lastKnownFileType = folder.assetcatalog; path = Assets.xcassets; sourceTree = "<group>"; };
		BB7CB2E527FF8F2800D2240F /* Preview Assets.xcassets */ = {isa = PBXFileReference; lastKnownFileType = folder.assetcatalog; path = "Preview Assets.xcassets"; sourceTree = "<group>"; };
		BB7CB2E727FF8F2800D2240F /* Persistence.swift */ = {isa = PBXFileReference; lastKnownFileType = sourcecode.swift; path = Persistence.swift; sourceTree = "<group>"; };
		BB7CB2EA27FF8F2800D2240F /* ToDoAppSwiftUI.xcdatamodel */ = {isa = PBXFileReference; lastKnownFileType = wrapper.xcdatamodel; path = ToDoAppSwiftUI.xcdatamodel; sourceTree = "<group>"; };
		BB7CB2F227FF90ED00D2240F /* sound-rise.mp3 */ = {isa = PBXFileReference; lastKnownFileType = audio.mp3; path = "sound-rise.mp3"; sourceTree = "<group>"; };
		BB7CB2F327FF90ED00D2240F /* sound-ding.mp3 */ = {isa = PBXFileReference; lastKnownFileType = audio.mp3; path = "sound-ding.mp3"; sourceTree = "<group>"; };
		BB7CB2F427FF90ED00D2240F /* sound-tap.mp3 */ = {isa = PBXFileReference; lastKnownFileType = audio.mp3; path = "sound-tap.mp3"; sourceTree = "<group>"; };
		BB7CB2FF27FF920900D2240F /* Info.plist */ = {isa = PBXFileReference; lastKnownFileType = text.plist; path = Info.plist; sourceTree = "<group>"; };
/* End PBXFileReference section */

/* Begin PBXFrameworksBuildPhase section */
		BB3236EC2857D1AB00A2AF34 /* Frameworks */ = {
			isa = PBXFrameworksBuildPhase;
			buildActionMask = 2147483647;
			files = (
				BB3236F42857D1AB00A2AF34 /* SwiftUI.framework in Frameworks */,
				BB3236F22857D1AB00A2AF34 /* WidgetKit.framework in Frameworks */,
			);
			runOnlyForDeploymentPostprocessing = 0;
		};
		BB7CB2D827FF8F2700D2240F /* Frameworks */ = {
			isa = PBXFrameworksBuildPhase;
			buildActionMask = 2147483647;
			files = (
			);
			runOnlyForDeploymentPostprocessing = 0;
		};
/* End PBXFrameworksBuildPhase section */

/* Begin PBXGroup section */
		BB3236F02857D1AB00A2AF34 /* Frameworks */ = {
			isa = PBXGroup;
			children = (
				BB3236F12857D1AB00A2AF34 /* WidgetKit.framework */,
				BB3236F32857D1AB00A2AF34 /* SwiftUI.framework */,
			);
			name = Frameworks;
			sourceTree = "<group>";
		};
		BB3236F52857D1AB00A2AF34 /* ToDoAppSwiftUIWidget */ = {
			isa = PBXGroup;
			children = (
				BB3236F62857D1AB00A2AF34 /* ToDoAppSwiftUIWidget.swift */,
				BB3236F82857D1AB00A2AF34 /* ToDoAppSwiftUIWidget.intentdefinition */,
				BB3236F92857D1AD00A2AF34 /* Assets.xcassets */,
				BB3236FB2857D1AD00A2AF34 /* Info.plist */,
			);
			path = ToDoAppSwiftUIWidget;
			sourceTree = "<group>";
		};
		BB6D1471282226EE00E0D81F /* Utilities */ = {
			isa = PBXGroup;
			children = (
				BB6D14722822270900E0D81F /* Utilities.swift */,
				BB6D14842822474600E0D81F /* AudioPlayer.swift */,
			);
			path = Utilities;
			sourceTree = "<group>";
		};
		BB6D1474282229EE00E0D81F /* Extension */ = {
			isa = PBXGroup;
			children = (
				BB6D1475282229FE00E0D81F /* HideKeyboardExt.swift */,
			);
			path = Extension;
			sourceTree = "<group>";
		};
		BB7CB2D227FF8F2600D2240F = {
			isa = PBXGroup;
			children = (
				BB7CB2DD27FF8F2700D2240F /* ToDoAppSwiftUI */,
				BB3236F52857D1AB00A2AF34 /* ToDoAppSwiftUIWidget */,
				BB3236F02857D1AB00A2AF34 /* Frameworks */,
				BB7CB2DC27FF8F2700D2240F /* Products */,
			);
			sourceTree = "<group>";
		};
		BB7CB2DC27FF8F2700D2240F /* Products */ = {
			isa = PBXGroup;
			children = (
				BB7CB2DB27FF8F2700D2240F /* ToDoAppSwiftUI.app */,
				BB3236EF2857D1AB00A2AF34 /* ToDoAppSwiftUIWidgetExtension.appex */,
			);
			name = Products;
			sourceTree = "<group>";
		};
		BB7CB2DD27FF8F2700D2240F /* ToDoAppSwiftUI */ = {
			isa = PBXGroup;
			children = (
				BB6D1474282229EE00E0D81F /* Extension */,
				BB7CB2FF27FF920900D2240F /* Info.plist */,
				BB7CB2FB27FF916F00D2240F /* View */,
				BB7CB2FA27FF916700D2240F /* Model */,
				BB7CB2F127FF90DB00D2240F /* AppSound */,
				BB6D1471282226EE00E0D81F /* Utilities */,
				BB7CB2FD27FF919000D2240F /* App */,
				BB7CB2E427FF8F2800D2240F /* Preview Content */,
				BB7CB2FE27FF91A500D2240F /* SupportingFiles */,
			);
			path = ToDoAppSwiftUI;
			sourceTree = "<group>";
		};
		BB7CB2E427FF8F2800D2240F /* Preview Content */ = {
			isa = PBXGroup;
			children = (
				BB7CB2E527FF8F2800D2240F /* Preview Assets.xcassets */,
			);
			path = "Preview Content";
			sourceTree = "<group>";
		};
		BB7CB2F127FF90DB00D2240F /* AppSound */ = {
			isa = PBXGroup;
			children = (
				BB7CB2F327FF90ED00D2240F /* sound-ding.mp3 */,
				BB7CB2F227FF90ED00D2240F /* sound-rise.mp3 */,
				BB7CB2F427FF90ED00D2240F /* sound-tap.mp3 */,
			);
			path = AppSound;
			sourceTree = "<group>";
		};
		BB7CB2FA27FF916700D2240F /* Model */ = {
			isa = PBXGroup;
			children = (
				BB7CB2E727FF8F2800D2240F /* Persistence.swift */,
				BB7CB2E927FF8F2800D2240F /* ToDoAppSwiftUI.xcdatamodeld */,
			);
			path = Model;
			sourceTree = "<group>";
		};
		BB7CB2FB27FF916F00D2240F /* View */ = {
			isa = PBXGroup;
			children = (
				BB7CB2E027FF8F2700D2240F /* ContentView.swift */,
				BB6D147728222F3800E0D81F /* BackgroundImageView.swift */,
				BB6D1479282230FA00E0D81F /* AddItemView.swift */,
				BB6D147E282237AA00E0D81F /* BlankView.swift */,
				BB6D148028223E5D00E0D81F /* ItemRowView.swift */,
				BB6D14822822404600E0D81F /* CheckboxView.swift */,
			);
			path = View;
			sourceTree = "<group>";
		};
		BB7CB2FD27FF919000D2240F /* App */ = {
			isa = PBXGroup;
			children = (
				BB7CB2DE27FF8F2700D2240F /* ToDoAppSwiftUIApp.swift */,
			);
			path = App;
			sourceTree = "<group>";
		};
		BB7CB2FE27FF91A500D2240F /* SupportingFiles */ = {
			isa = PBXGroup;
			children = (
				BB7CB2E227FF8F2800D2240F /* Assets.xcassets */,
			);
			path = SupportingFiles;
			sourceTree = "<group>";
		};
/* End PBXGroup section */

/* Begin PBXNativeTarget section */
		BB3236EE2857D1AB00A2AF34 /* ToDoAppSwiftUIWidgetExtension */ = {
			isa = PBXNativeTarget;
			buildConfigurationList = BB3237042857D1AD00A2AF34 /* Build configuration list for PBXNativeTarget "ToDoAppSwiftUIWidgetExtension" */;
			buildPhases = (
				BB3236EB2857D1AB00A2AF34 /* Sources */,
				BB3236EC2857D1AB00A2AF34 /* Frameworks */,
				BB3236ED2857D1AB00A2AF34 /* Resources */,
			);
			buildRules = (
			);
			dependencies = (
			);
			name = ToDoAppSwiftUIWidgetExtension;
			productName = ToDoAppSwiftUIWidgetExtension;
			productReference = BB3236EF2857D1AB00A2AF34 /* ToDoAppSwiftUIWidgetExtension.appex */;
			productType = "com.apple.product-type.app-extension";
		};
		BB7CB2DA27FF8F2700D2240F /* ToDoAppSwiftUI */ = {
			isa = PBXNativeTarget;
			buildConfigurationList = BB7CB2EE27FF8F2800D2240F /* Build configuration list for PBXNativeTarget "ToDoAppSwiftUI" */;
			buildPhases = (
				BB7CB2D727FF8F2700D2240F /* Sources */,
				BB7CB2D827FF8F2700D2240F /* Frameworks */,
				BB7CB2D927FF8F2700D2240F /* Resources */,
				BB3237012857D1AD00A2AF34 /* Embed App Extensions */,
			);
			buildRules = (
			);
			dependencies = (
				BB3236FF2857D1AD00A2AF34 /* PBXTargetDependency */,
			);
			name = ToDoAppSwiftUI;
			productName = ToDoAppSwiftUI;
			productReference = BB7CB2DB27FF8F2700D2240F /* ToDoAppSwiftUI.app */;
			productType = "com.apple.product-type.application";
		};
/* End PBXNativeTarget section */

/* Begin PBXProject section */
		BB7CB2D327FF8F2700D2240F /* Project object */ = {
			isa = PBXProject;
			attributes = {
				BuildIndependentTargetsInParallel = 1;
				LastSwiftUpdateCheck = 1300;
				LastUpgradeCheck = 1300;
				TargetAttributes = {
					BB3236EE2857D1AB00A2AF34 = {
						CreatedOnToolsVersion = 13.0;
					};
					BB7CB2DA27FF8F2700D2240F = {
						CreatedOnToolsVersion = 13.0;
					};
				};
			};
			buildConfigurationList = BB7CB2D627FF8F2700D2240F /* Build configuration list for PBXProject "ToDoAppSwiftUI" */;
			compatibilityVersion = "Xcode 13.0";
			developmentRegion = en;
			hasScannedForEncodings = 0;
			knownRegions = (
				en,
				Base,
			);
			mainGroup = BB7CB2D227FF8F2600D2240F;
			productRefGroup = BB7CB2DC27FF8F2700D2240F /* Products */;
			projectDirPath = "";
			projectRoot = "";
			targets = (
				BB7CB2DA27FF8F2700D2240F /* ToDoAppSwiftUI */,
				BB3236EE2857D1AB00A2AF34 /* ToDoAppSwiftUIWidgetExtension */,
			);
		};
/* End PBXProject section */

/* Begin PBXResourcesBuildPhase section */
		BB3236ED2857D1AB00A2AF34 /* Resources */ = {
			isa = PBXResourcesBuildPhase;
			buildActionMask = 2147483647;
			files = (
				BB3237052857D58500A2AF34 /* Assets.xcassets in Resources */,
				BB3236FA2857D1AD00A2AF34 /* Assets.xcassets in Resources */,
			);
			runOnlyForDeploymentPostprocessing = 0;
		};
		BB7CB2D927FF8F2700D2240F /* Resources */ = {
			isa = PBXResourcesBuildPhase;
			buildActionMask = 2147483647;
			files = (
				BB7CB2F627FF90ED00D2240F /* sound-ding.mp3 in Resources */,
				BB7CB2F527FF90ED00D2240F /* sound-rise.mp3 in Resources */,
				BB7CB2E627FF8F2800D2240F /* Preview Assets.xcassets in Resources */,
				BB7CB2F727FF90ED00D2240F /* sound-tap.mp3 in Resources */,
				BB7CB2E327FF8F2800D2240F /* Assets.xcassets in Resources */,
			);
			runOnlyForDeploymentPostprocessing = 0;
		};
/* End PBXResourcesBuildPhase section */

/* Begin PBXSourcesBuildPhase section */
		BB3236EB2857D1AB00A2AF34 /* Sources */ = {
			isa = PBXSourcesBuildPhase;
			buildActionMask = 2147483647;
			files = (
				BB3237062857D61400A2AF34 /* Utilities.swift in Sources */,
				BB3236FC2857D1AD00A2AF34 /* ToDoAppSwiftUIWidget.intentdefinition in Sources */,
				BB3236F72857D1AB00A2AF34 /* ToDoAppSwiftUIWidget.swift in Sources */,
			);
			runOnlyForDeploymentPostprocessing = 0;
		};
		BB7CB2D727FF8F2700D2240F /* Sources */ = {
			isa = PBXSourcesBuildPhase;
			buildActionMask = 2147483647;
			files = (
				BB7CB2E827FF8F2800D2240F /* Persistence.swift in Sources */,
				BB6D147828222F3800E0D81F /* BackgroundImageView.swift in Sources */,
				BB7CB2EB27FF8F2800D2240F /* ToDoAppSwiftUI.xcdatamodeld in Sources */,
				BB6D14832822404600E0D81F /* CheckboxView.swift in Sources */,
				BB6D1476282229FE00E0D81F /* HideKeyboardExt.swift in Sources */,
				BB6D148128223E5D00E0D81F /* ItemRowView.swift in Sources */,
				BB6D147F282237AA00E0D81F /* BlankView.swift in Sources */,
				BB7CB2E127FF8F2700D2240F /* ContentView.swift in Sources */,
				BB3236FD2857D1AD00A2AF34 /* ToDoAppSwiftUIWidget.intentdefinition in Sources */,
				BB6D14732822270900E0D81F /* Utilities.swift in Sources */,
				BB7CB2DF27FF8F2700D2240F /* ToDoAppSwiftUIApp.swift in Sources */,
				BB6D147A282230FA00E0D81F /* AddItemView.swift in Sources */,
				BB6D14852822474600E0D81F /* AudioPlayer.swift in Sources */,
			);
			runOnlyForDeploymentPostprocessing = 0;
		};
/* End PBXSourcesBuildPhase section */

/* Begin PBXTargetDependency section */
		BB3236FF2857D1AD00A2AF34 /* PBXTargetDependency */ = {
			isa = PBXTargetDependency;
			target = BB3236EE2857D1AB00A2AF34 /* ToDoAppSwiftUIWidgetExtension */;
			targetProxy = BB3236FE2857D1AD00A2AF34 /* PBXContainerItemProxy */;
		};
/* End PBXTargetDependency section */

/* Begin XCBuildConfiguration section */
		BB3237022857D1AD00A2AF34 /* Debug */ = {
			isa = XCBuildConfiguration;
			buildSettings = {
				ASSETCATALOG_COMPILER_GLOBAL_ACCENT_COLOR_NAME = AccentColor;
				ASSETCATALOG_COMPILER_WIDGET_BACKGROUND_COLOR_NAME = WidgetBackground;
				CODE_SIGN_STYLE = Automatic;
				CURRENT_PROJECT_VERSION = 1;
				DEVELOPMENT_TEAM = EYSRG3T5ZC;
				GENERATE_INFOPLIST_FILE = YES;
				INFOPLIST_FILE = ToDoAppSwiftUIWidget/Info.plist;
				INFOPLIST_KEY_CFBundleDisplayName = ToDoAppSwiftUIWidget;
				INFOPLIST_KEY_NSHumanReadableCopyright = "";
				LD_RUNPATH_SEARCH_PATHS = (
					"$(inherited)",
					"@executable_path/Frameworks",
					"@executable_path/../../Frameworks",
				);
				MARKETING_VERSION = 1.0;
				PRODUCT_BUNDLE_IDENTIFIER = com.hamza.todoapp.ToDoAppSwiftUI.ToDoAppSwiftUIWidget;
				PRODUCT_NAME = "$(TARGET_NAME)";
				SKIP_INSTALL = YES;
				SWIFT_EMIT_LOC_STRINGS = YES;
				SWIFT_VERSION = 5.0;
				TARGETED_DEVICE_FAMILY = "1,2";
			};
			name = Debug;
		};
		BB3237032857D1AD00A2AF34 /* Release */ = {
			isa = XCBuildConfiguration;
			buildSettings = {
				ASSETCATALOG_COMPILER_GLOBAL_ACCENT_COLOR_NAME = AccentColor;
				ASSETCATALOG_COMPILER_WIDGET_BACKGROUND_COLOR_NAME = WidgetBackground;
				CODE_SIGN_STYLE = Automatic;
				CURRENT_PROJECT_VERSION = 1;
				DEVELOPMENT_TEAM = EYSRG3T5ZC;
				GENERATE_INFOPLIST_FILE = YES;
				INFOPLIST_FILE = ToDoAppSwiftUIWidget/Info.plist;
				INFOPLIST_KEY_CFBundleDisplayName = ToDoAppSwiftUIWidget;
				INFOPLIST_KEY_NSHumanReadableCopyright = "";
				LD_RUNPATH_SEARCH_PATHS = (
					"$(inherited)",
					"@executable_path/Frameworks",
					"@executable_path/../../Frameworks",
				);
				MARKETING_VERSION = 1.0;
				PRODUCT_BUNDLE_IDENTIFIER = com.hamza.todoapp.ToDoAppSwiftUI.ToDoAppSwiftUIWidget;
				PRODUCT_NAME = "$(TARGET_NAME)";
				SKIP_INSTALL = YES;
				SWIFT_EMIT_LOC_STRINGS = YES;
				SWIFT_VERSION = 5.0;
				TARGETED_DEVICE_FAMILY = "1,2";
			};
			name = Release;
		};
		BB7CB2EC27FF8F2800D2240F /* Debug */ = {
			isa = XCBuildConfiguration;
			buildSettings = {
				ALWAYS_SEARCH_USER_PATHS = NO;
				CLANG_ANALYZER_NONNULL = YES;
				CLANG_ANALYZER_NUMBER_OBJECT_CONVERSION = YES_AGGRESSIVE;
				CLANG_CXX_LANGUAGE_STANDARD = "gnu++17";
				CLANG_CXX_LIBRARY = "libc++";
				CLANG_ENABLE_MODULES = YES;
				CLANG_ENABLE_OBJC_ARC = YES;
				CLANG_ENABLE_OBJC_WEAK = YES;
				CLANG_WARN_BLOCK_CAPTURE_AUTORELEASING = YES;
				CLANG_WARN_BOOL_CONVERSION = YES;
				CLANG_WARN_COMMA = YES;
				CLANG_WARN_CONSTANT_CONVERSION = YES;
				CLANG_WARN_DEPRECATED_OBJC_IMPLEMENTATIONS = YES;
				CLANG_WARN_DIRECT_OBJC_ISA_USAGE = YES_ERROR;
				CLANG_WARN_DOCUMENTATION_COMMENTS = YES;
				CLANG_WARN_EMPTY_BODY = YES;
				CLANG_WARN_ENUM_CONVERSION = YES;
				CLANG_WARN_INFINITE_RECURSION = YES;
				CLANG_WARN_INT_CONVERSION = YES;
				CLANG_WARN_NON_LITERAL_NULL_CONVERSION = YES;
				CLANG_WARN_OBJC_IMPLICIT_RETAIN_SELF = YES;
				CLANG_WARN_OBJC_LITERAL_CONVERSION = YES;
				CLANG_WARN_OBJC_ROOT_CLASS = YES_ERROR;
				CLANG_WARN_QUOTED_INCLUDE_IN_FRAMEWORK_HEADER = YES;
				CLANG_WARN_RANGE_LOOP_ANALYSIS = YES;
				CLANG_WARN_STRICT_PROTOTYPES = YES;
				CLANG_WARN_SUSPICIOUS_MOVE = YES;
				CLANG_WARN_UNGUARDED_AVAILABILITY = YES_AGGRESSIVE;
				CLANG_WARN_UNREACHABLE_CODE = YES;
				CLANG_WARN__DUPLICATE_METHOD_MATCH = YES;
				COPY_PHASE_STRIP = NO;
				DEBUG_INFORMATION_FORMAT = dwarf;
				ENABLE_STRICT_OBJC_MSGSEND = YES;
				ENABLE_TESTABILITY = YES;
				GCC_C_LANGUAGE_STANDARD = gnu11;
				GCC_DYNAMIC_NO_PIC = NO;
				GCC_NO_COMMON_BLOCKS = YES;
				GCC_OPTIMIZATION_LEVEL = 0;
				GCC_PREPROCESSOR_DEFINITIONS = (
					"DEBUG=1",
					"$(inherited)",
				);
				GCC_WARN_64_TO_32_BIT_CONVERSION = YES;
				GCC_WARN_ABOUT_RETURN_TYPE = YES_ERROR;
				GCC_WARN_UNDECLARED_SELECTOR = YES;
				GCC_WARN_UNINITIALIZED_AUTOS = YES_AGGRESSIVE;
				GCC_WARN_UNUSED_FUNCTION = YES;
				GCC_WARN_UNUSED_VARIABLE = YES;
				IPHONEOS_DEPLOYMENT_TARGET = 15.0;
				MTL_ENABLE_DEBUG_INFO = INCLUDE_SOURCE;
				MTL_FAST_MATH = YES;
				ONLY_ACTIVE_ARCH = YES;
				SDKROOT = iphoneos;
				SWIFT_ACTIVE_COMPILATION_CONDITIONS = DEBUG;
				SWIFT_OPTIMIZATION_LEVEL = "-Onone";
			};
			name = Debug;
		};
		BB7CB2ED27FF8F2800D2240F /* Release */ = {
			isa = XCBuildConfiguration;
			buildSettings = {
				ALWAYS_SEARCH_USER_PATHS = NO;
				CLANG_ANALYZER_NONNULL = YES;
				CLANG_ANALYZER_NUMBER_OBJECT_CONVERSION = YES_AGGRESSIVE;
				CLANG_CXX_LANGUAGE_STANDARD = "gnu++17";
				CLANG_CXX_LIBRARY = "libc++";
				CLANG_ENABLE_MODULES = YES;
				CLANG_ENABLE_OBJC_ARC = YES;
				CLANG_ENABLE_OBJC_WEAK = YES;
				CLANG_WARN_BLOCK_CAPTURE_AUTORELEASING = YES;
				CLANG_WARN_BOOL_CONVERSION = YES;
				CLANG_WARN_COMMA = YES;
				CLANG_WARN_CONSTANT_CONVERSION = YES;
				CLANG_WARN_DEPRECATED_OBJC_IMPLEMENTATIONS = YES;
				CLANG_WARN_DIRECT_OBJC_ISA_USAGE = YES_ERROR;
				CLANG_WARN_DOCUMENTATION_COMMENTS = YES;
				CLANG_WARN_EMPTY_BODY = YES;
				CLANG_WARN_ENUM_CONVERSION = YES;
				CLANG_WARN_INFINITE_RECURSION = YES;
				CLANG_WARN_INT_CONVERSION = YES;
				CLANG_WARN_NON_LITERAL_NULL_CONVERSION = YES;
				CLANG_WARN_OBJC_IMPLICIT_RETAIN_SELF = YES;
				CLANG_WARN_OBJC_LITERAL_CONVERSION = YES;
				CLANG_WARN_OBJC_ROOT_CLASS = YES_ERROR;
				CLANG_WARN_QUOTED_INCLUDE_IN_FRAMEWORK_HEADER = YES;
				CLANG_WARN_RANGE_LOOP_ANALYSIS = YES;
				CLANG_WARN_STRICT_PROTOTYPES = YES;
				CLANG_WARN_SUSPICIOUS_MOVE = YES;
				CLANG_WARN_UNGUARDED_AVAILABILITY = YES_AGGRESSIVE;
				CLANG_WARN_UNREACHABLE_CODE = YES;
				CLANG_WARN__DUPLICATE_METHOD_MATCH = YES;
				COPY_PHASE_STRIP = NO;
				DEBUG_INFORMATION_FORMAT = "dwarf-with-dsym";
				ENABLE_NS_ASSERTIONS = NO;
				ENABLE_STRICT_OBJC_MSGSEND = YES;
				GCC_C_LANGUAGE_STANDARD = gnu11;
				GCC_NO_COMMON_BLOCKS = YES;
				GCC_WARN_64_TO_32_BIT_CONVERSION = YES;
				GCC_WARN_ABOUT_RETURN_TYPE = YES_ERROR;
				GCC_WARN_UNDECLARED_SELECTOR = YES;
				GCC_WARN_UNINITIALIZED_AUTOS = YES_AGGRESSIVE;
				GCC_WARN_UNUSED_FUNCTION = YES;
				GCC_WARN_UNUSED_VARIABLE = YES;
				IPHONEOS_DEPLOYMENT_TARGET = 15.0;
				MTL_ENABLE_DEBUG_INFO = NO;
				MTL_FAST_MATH = YES;
				SDKROOT = iphoneos;
				SWIFT_COMPILATION_MODE = wholemodule;
				SWIFT_OPTIMIZATION_LEVEL = "-O";
				VALIDATE_PRODUCT = YES;
			};
			name = Release;
		};
		BB7CB2EF27FF8F2800D2240F /* Debug */ = {
			isa = XCBuildConfiguration;
			buildSettings = {
				ALWAYS_EMBED_SWIFT_STANDARD_LIBRARIES = YES;
				ASSETCATALOG_COMPILER_APPICON_NAME = AppIcon;
				ASSETCATALOG_COMPILER_GLOBAL_ACCENT_COLOR_NAME = AccentColor;
				CODE_SIGN_STYLE = Automatic;
				CURRENT_PROJECT_VERSION = 1;
				DEVELOPMENT_ASSET_PATHS = "\"ToDoAppSwiftUI/Preview Content\"";
				DEVELOPMENT_TEAM = EYSRG3T5ZC;
				ENABLE_PREVIEWS = YES;
				GENERATE_INFOPLIST_FILE = YES;
				INFOPLIST_FILE = ToDoAppSwiftUI/Info.plist;
				INFOPLIST_KEY_UIApplicationSceneManifest_Generation = YES;
				INFOPLIST_KEY_UIApplicationSupportsIndirectInputEvents = YES;
				INFOPLIST_KEY_UISupportedInterfaceOrientations_iPad = "UIInterfaceOrientationPortrait UIInterfaceOrientationPortraitUpsideDown UIInterfaceOrientationLandscapeLeft UIInterfaceOrientationLandscapeRight";
				INFOPLIST_KEY_UISupportedInterfaceOrientations_iPhone = "UIInterfaceOrientationPortrait UIInterfaceOrientationLandscapeLeft UIInterfaceOrientationLandscapeRight";
				IPHONEOS_DEPLOYMENT_TARGET = 14.0;
				LD_RUNPATH_SEARCH_PATHS = (
					"$(inherited)",
					"@executable_path/Frameworks",
				);
				MARKETING_VERSION = 1.0;
				PRODUCT_BUNDLE_IDENTIFIER = com.hamza.todoapp.ToDoAppSwiftUI;
				PRODUCT_NAME = "$(TARGET_NAME)";
				SWIFT_EMIT_LOC_STRINGS = YES;
				SWIFT_VERSION = 5.0;
				TARGETED_DEVICE_FAMILY = "1,2";
			};
			name = Debug;
		};
		BB7CB2F027FF8F2800D2240F /* Release */ = {
			isa = XCBuildConfiguration;
			buildSettings = {
				ALWAYS_EMBED_SWIFT_STANDARD_LIBRARIES = YES;
				ASSETCATALOG_COMPILER_APPICON_NAME = AppIcon;
				ASSETCATALOG_COMPILER_GLOBAL_ACCENT_COLOR_NAME = AccentColor;
				CODE_SIGN_STYLE = Automatic;
				CURRENT_PROJECT_VERSION = 1;
				DEVELOPMENT_ASSET_PATHS = "\"ToDoAppSwiftUI/Preview Content\"";
				DEVELOPMENT_TEAM = EYSRG3T5ZC;
				ENABLE_PREVIEWS = YES;
				GENERATE_INFOPLIST_FILE = YES;
				INFOPLIST_FILE = ToDoAppSwiftUI/Info.plist;
				INFOPLIST_KEY_UIApplicationSceneManifest_Generation = YES;
				INFOPLIST_KEY_UIApplicationSupportsIndirectInputEvents = YES;
				INFOPLIST_KEY_UISupportedInterfaceOrientations_iPad = "UIInterfaceOrientationPortrait UIInterfaceOrientationPortraitUpsideDown UIInterfaceOrientationLandscapeLeft UIInterfaceOrientationLandscapeRight";
				INFOPLIST_KEY_UISupportedInterfaceOrientations_iPhone = "UIInterfaceOrientationPortrait UIInterfaceOrientationLandscapeLeft UIInterfaceOrientationLandscapeRight";
				IPHONEOS_DEPLOYMENT_TARGET = 14.0;
				LD_RUNPATH_SEARCH_PATHS = (
					"$(inherited)",
					"@executable_path/Frameworks",
				);
				MARKETING_VERSION = 1.0;
				PRODUCT_BUNDLE_IDENTIFIER = com.hamza.todoapp.ToDoAppSwiftUI;
				PRODUCT_NAME = "$(TARGET_NAME)";
				SWIFT_EMIT_LOC_STRINGS = YES;
				SWIFT_VERSION = 5.0;
				TARGETED_DEVICE_FAMILY = "1,2";
			};
			name = Release;
		};
/* End XCBuildConfiguration section */

/* Begin XCConfigurationList section */
		BB3237042857D1AD00A2AF34 /* Build configuration list for PBXNativeTarget "ToDoAppSwiftUIWidgetExtension" */ = {
			isa = XCConfigurationList;
			buildConfigurations = (
				BB3237022857D1AD00A2AF34 /* Debug */,
				BB3237032857D1AD00A2AF34 /* Release */,
			);
			defaultConfigurationIsVisible = 0;
			defaultConfigurationName = Release;
		};
		BB7CB2D627FF8F2700D2240F /* Build configuration list for PBXProject "ToDoAppSwiftUI" */ = {
			isa = XCConfigurationList;
			buildConfigurations = (
				BB7CB2EC27FF8F2800D2240F /* Debug */,
				BB7CB2ED27FF8F2800D2240F /* Release */,
			);
			defaultConfigurationIsVisible = 0;
			defaultConfigurationName = Release;
		};
		BB7CB2EE27FF8F2800D2240F /* Build configuration list for PBXNativeTarget "ToDoAppSwiftUI" */ = {
			isa = XCConfigurationList;
			buildConfigurations = (
				BB7CB2EF27FF8F2800D2240F /* Debug */,
				BB7CB2F027FF8F2800D2240F /* Release */,
			);
			defaultConfigurationIsVisible = 0;
			defaultConfigurationName = Release;
		};
/* End XCConfigurationList section */

/* Begin XCVersionGroup section */
		BB7CB2E927FF8F2800D2240F /* ToDoAppSwiftUI.xcdatamodeld */ = {
			isa = XCVersionGroup;
			children = (
				BB7CB2EA27FF8F2800D2240F /* ToDoAppSwiftUI.xcdatamodel */,
			);
			currentVersion = BB7CB2EA27FF8F2800D2240F /* ToDoAppSwiftUI.xcdatamodel */;
			path = ToDoAppSwiftUI.xcdatamodeld;
			sourceTree = "<group>";
			versionGroupType = wrapper.xcdatamodel;
		};
/* End XCVersionGroup section */
	};
	rootObject = BB7CB2D327FF8F2700D2240F /* Project object */;
}
