// !$*UTF8*$!
{
	archiveVersion = 1;
	classes = {
	};
	objectVersion = 55;
	objects = {

/* Begin PBXBuildFile section */
		BB7CB2DF27FF8F2700D2240F /* ToDoAppSwiftUIApp.swift in Sources */ = {isa = PBXBuildFile; fileRef = BB7CB2DE27FF8F2700D2240F /* ToDoAppSwiftUIApp.swift */; };
		BB7CB2E127FF8F2700D2240F /* ContentView.swift in Sources */ = {isa = PBXBuildFile; fileRef = BB7CB2E027FF8F2700D2240F /* ContentView.swift */; };
		BB7CB2E327FF8F2800D2240F /* Assets.xcassets in Resources */ = {isa = PBXBuildFile; fileRef = BB7CB2E227FF8F2800D2240F /* Assets.xcassets */; };
		BB7CB2E627FF8F2800D2240F /* Preview Assets.xcassets in Resources */ = {isa = PBXBuildFile; fileRef = BB7CB2E527FF8F2800D2240F /* Preview Assets.xcassets */; };
		BB7CB2E827FF8F2800D2240F /* Persistence.swift in Sources */ = {isa = PBXBuildFile; fileRef = BB7CB2E727FF8F2800D2240F /* Persistence.swift */; };
		BB7CB2EB27FF8F2800D2240F /* ToDoAppSwiftUI.xcdatamodeld in Sources */ = {isa = PBXBuildFile; fileRef = BB7CB2E927FF8F2800D2240F /* ToDoAppSwiftUI.xcdatamodeld */; };
		BB7CB2F527FF90ED00D2240F /* sound-rise.mp3 in Resources */ = {isa = PBXBuildFile; fileRef = BB7CB2F227FF90ED00D2240F /* sound-rise.mp3 */; };
		BB7CB2F627FF90ED00D2240F /* sound-ding.mp3 in Resources */ = {isa = PBXBuildFile; fileRef = BB7CB2F327FF90ED00D2240F /* sound-ding.mp3 */; };
		BB7CB2F727FF90ED00D2240F /* sound-tap.mp3 in Resources */ = {isa = PBXBuildFile; fileRef = BB7CB2F427FF90ED00D2240F /* sound-tap.mp3 */; };
/* End PBXBuildFile section */

/* Begin PBXFileReference section */
		BB7CB2DB27FF8F2700D2240F /* ToDoAppSwiftUI.app */ = {isa = PBXFileReference; explicitFileType = wrapper.application; includeInIndex = 0; path = ToDoAppSwiftUI.app; sourceTree = BUILT_PRODUCTS_DIR; };
		BB7CB2DE27FF8F2700D2240F /* ToDoAppSwiftUIApp.swift */ = {isa = PBXFileReference; lastKnownFileType = sourcecode.swift; path = ToDoAppSwiftUIApp.swift; sourceTree = "<group>"; };
		BB7CB2E027FF8F2700D2240F /* ContentView.swift */ = {isa = PBXFileReference; lastKnownFileType = sourcecode.swift; path = ContentView.swift; sourceTree = "<group>"; };
		BB7CB2E227FF8F2800D2240F /* Assets.xcassets */ = {isa = PBXFileReference; lastKnownFileType = folder.assetcatalog; path = Assets.xcassets; sourceTree = "<group>"; };
		BB7CB2E527FF8F2800D2240F /* Preview Assets.xcassets */ = {isa = PBXFileReference; lastKnownFileType = folder.assetcatalog; path = "Preview Assets.xcassets"; sourceTree = "<group>"; };
		BB7CB2E727FF8F2800D2240F /* Persistence.swift */ = {isa = PBXFileReference; lastKnownFileType = sourcecode.swift; path = Persistence.swift; sourceTree = "<group>"; };
		BB7CB2EA27FF8F2800D2240F /* ToDoAppSwiftUI.xcdatamodel */ = {isa = PBXFileReference; lastKnownFileType = wrapper.xcdatamodel; path = ToDoAppSwiftUI.xcdatamodel; sourceTree = "<group>"; };
		BB7CB2F227FF90ED00D2240F /* sound-rise.mp3 */ = {isa = PBXFileReference; lastKnownFileType = audio.mp3; path = "sound-rise.mp3"; sourceTree = "<group>"; };
		BB7CB2F327FF90ED00D2240F /* sound-ding.mp3 */ = {isa = PBXFileReference; lastKnownFileType = audio.mp3; path = "sound-ding.mp3"; sourceTree = "<group>"; };
		BB7CB2F427FF90ED00D2240F /* sound-tap.mp3 */ = {isa = PBXFileReference; lastKnownFileType = audio.mp3; path = "sound-tap.mp3"; sourceTree = "<group>"; };
		BB7CB2FF27FF920900D2240F /* Info.plist */ = {isa = PBXFileReference; lastKnownFileType = text.plist; path = Info.plist; sourceTree = "<group>"; };
/* End PBXFileReference section */

/* Begin PBXFrameworksBuildPhase section */
		BB7CB2D827FF8F2700D2240F /* Frameworks */ = {
			isa = PBXFrameworksBuildPhase;
			buildActionMask = 2147483647;
			files = (
			);
			runOnlyForDeploymentPostprocessing = 0;
		};
/* End PBXFrameworksBuildPhase section */

/* Begin PBXGroup section */
		BB7CB2D227FF8F2600D2240F = {
			isa = PBXGroup;
			children = (
				BB7CB2DD27FF8F2700D2240F /* ToDoAppSwiftUI */,
				BB7CB2DC27FF8F2700D2240F /* Products */,
			);
			sourceTree = "<group>";
		};
		BB7CB2DC27FF8F2700D2240F /* Products */ = {
			isa = PBXGroup;
			children = (
				BB7CB2DB27FF8F2700D2240F /* ToDoAppSwiftUI.app */,
			);
			name = Products;
			sourceTree = "<group>";
		};
		BB7CB2DD27FF8F2700D2240F /* ToDoAppSwiftUI */ = {
			isa = PBXGroup;
			children = (
				BB7CB2FF27FF920900D2240F /* Info.plist */,
				BB7CB2FB27FF916F00D2240F /* View */,
				BB7CB2FA27FF916700D2240F /* Model */,
				BB7CB2FC27FF917500D2240F /* Style */,
				BB7CB2F927FF914100D2240F /* Extension */,
				BB7CB2F827FF913000D2240F /* Utility */,
				BB7CB2F127FF90DB00D2240F /* AppSound */,
				BB7CB2FD27FF919000D2240F /* App */,
				BB7CB2E427FF8F2800D2240F /* Preview Content */,
				BB7CB2FE27FF91A500D2240F /* SupportingFiles */,
			);
			path = ToDoAppSwiftUI;
			sourceTree = "<group>";
		};
		BB7CB2E427FF8F2800D2240F /* Preview Content */ = {
			isa = PBXGroup;
			children = (
				BB7CB2E527FF8F2800D2240F /* Preview Assets.xcassets */,
			);
			path = "Preview Content";
			sourceTree = "<group>";
		};
		BB7CB2F127FF90DB00D2240F /* AppSound */ = {
			isa = PBXGroup;
			children = (
				BB7CB2F327FF90ED00D2240F /* sound-ding.mp3 */,
				BB7CB2F227FF90ED00D2240F /* sound-rise.mp3 */,
				BB7CB2F427FF90ED00D2240F /* sound-tap.mp3 */,
			);
			path = AppSound;
			sourceTree = "<group>";
		};
		BB7CB2F827FF913000D2240F /* Utility */ = {
			isa = PBXGroup;
			children = (
			);
			path = Utility;
			sourceTree = "<group>";
		};
		BB7CB2F927FF914100D2240F /* Extension */ = {
			isa = PBXGroup;
			children = (
			);
			path = Extension;
			sourceTree = "<group>";
		};
		BB7CB2FA27FF916700D2240F /* Model */ = {
			isa = PBXGroup;
			children = (
				BB7CB2E727FF8F2800D2240F /* Persistence.swift */,
				BB7CB2E927FF8F2800D2240F /* ToDoAppSwiftUI.xcdatamodeld */,
			);
			path = Model;
			sourceTree = "<group>";
		};
		BB7CB2FB27FF916F00D2240F /* View */ = {
			isa = PBXGroup;
			children = (
				BB7CB2E027FF8F2700D2240F /* ContentView.swift */,
			);
			path = View;
			sourceTree = "<group>";
		};
		BB7CB2FC27FF917500D2240F /* Style */ = {
			isa = PBXGroup;
			children = (
			);
			path = Style;
			sourceTree = "<group>";
		};
		BB7CB2FD27FF919000D2240F /* App */ = {
			isa = PBXGroup;
			children = (
				BB7CB2DE27FF8F2700D2240F /* ToDoAppSwiftUIApp.swift */,
			);
			path = App;
			sourceTree = "<group>";
		};
		BB7CB2FE27FF91A500D2240F /* SupportingFiles */ = {
			isa = PBXGroup;
			children = (
				BB7CB2E227FF8F2800D2240F /* Assets.xcassets */,
			);
			path = SupportingFiles;
			sourceTree = "<group>";
		};
/* End PBXGroup section */

/* Begin PBXNativeTarget section */
		BB7CB2DA27FF8F2700D2240F /* ToDoAppSwiftUI */ = {
			isa = PBXNativeTarget;
			buildConfigurationList = BB7CB2EE27FF8F2800D2240F /* Build configuration list for PBXNativeTarget "ToDoAppSwiftUI" */;
			buildPhases = (
				BB7CB2D727FF8F2700D2240F /* Sources */,
				BB7CB2D827FF8F2700D2240F /* Frameworks */,
				BB7CB2D927FF8F2700D2240F /* Resources */,
			);
			buildRules = (
			);
			dependencies = (
			);
			name = ToDoAppSwiftUI;
			productName = ToDoAppSwiftUI;
			productReference = BB7CB2DB27FF8F2700D2240F /* ToDoAppSwiftUI.app */;
			productType = "com.apple.product-type.application";
		};
/* End PBXNativeTarget section */

/* Begin PBXProject section */
		BB7CB2D327FF8F2700D2240F /* Project object */ = {
			isa = PBXProject;
			attributes = {
				BuildIndependentTargetsInParallel = 1;
				LastSwiftUpdateCheck = 1300;
				LastUpgradeCheck = 1300;
				TargetAttributes = {
					BB7CB2DA27FF8F2700D2240F = {
						CreatedOnToolsVersion = 13.0;
					};
				};
			};
			buildConfigurationList = BB7CB2D627FF8F2700D2240F /* Build configuration list for PBXProject "ToDoAppSwiftUI" */;
			compatibilityVersion = "Xcode 13.0";
			developmentRegion = en;
			hasScannedForEncodings = 0;
			knownRegions = (
				en,
				Base,
			);
			mainGroup = BB7CB2D227FF8F2600D2240F;
			productRefGroup = BB7CB2DC27FF8F2700D2240F /* Products */;
			projectDirPath = "";
			projectRoot = "";
			targets = (
				BB7CB2DA27FF8F2700D2240F /* ToDoAppSwiftUI */,
			);
		};
/* End PBXProject section */

/* Begin PBXResourcesBuildPhase section */
		BB7CB2D927FF8F2700D2240F /* Resources */ = {
			isa = PBXResourcesBuildPhase;
			buildActionMask = 2147483647;
			files = (
				BB7CB2F627FF90ED00D2240F /* sound-ding.mp3 in Resources */,
				BB7CB2F527FF90ED00D2240F /* sound-rise.mp3 in Resources */,
				BB7CB2E627FF8F2800D2240F /* Preview Assets.xcassets in Resources */,
				BB7CB2F727FF90ED00D2240F /* sound-tap.mp3 in Resources */,
				BB7CB2E327FF8F2800D2240F /* Assets.xcassets in Resources */,
			);
			runOnlyForDeploymentPostprocessing = 0;
		};
/* End PBXResourcesBuildPhase section */

/* Begin PBXSourcesBuildPhase section */
		BB7CB2D727FF8F2700D2240F /* Sources */ = {
			isa = PBXSourcesBuildPhase;
			buildActionMask = 2147483647;
			files = (
				BB7CB2E827FF8F2800D2240F /* Persistence.swift in Sources */,
				BB7CB2EB27FF8F2800D2240F /* ToDoAppSwiftUI.xcdatamodeld in Sources */,
				BB7CB2E127FF8F2700D2240F /* ContentView.swift in Sources */,
				BB7CB2DF27FF8F2700D2240F /* ToDoAppSwiftUIApp.swift in Sources */,
			);
			runOnlyForDeploymentPostprocessing = 0;
		};
/* End PBXSourcesBuildPhase section */

/* Begin XCBuildConfiguration section */
		BB7CB2EC27FF8F2800D2240F /* Debug */ = {
			isa = XCBuildConfiguration;
			buildSettings = {
				ALWAYS_SEARCH_USER_PATHS = NO;
				CLANG_ANALYZER_NONNULL = YES;
				CLANG_ANALYZER_NUMBER_OBJECT_CONVERSION = YES_AGGRESSIVE;
				CLANG_CXX_LANGUAGE_STANDARD = "gnu++17";
				CLANG_CXX_LIBRARY = "libc++";
				CLANG_ENABLE_MODULES = YES;
				CLANG_ENABLE_OBJC_ARC = YES;
				CLANG_ENABLE_OBJC_WEAK = YES;
				CLANG_WARN_BLOCK_CAPTURE_AUTORELEASING = YES;
				CLANG_WARN_BOOL_CONVERSION = YES;
				CLANG_WARN_COMMA = YES;
				CLANG_WARN_CONSTANT_CONVERSION = YES;
				CLANG_WARN_DEPRECATED_OBJC_IMPLEMENTATIONS = YES;
				CLANG_WARN_DIRECT_OBJC_ISA_USAGE = YES_ERROR;
				CLANG_WARN_DOCUMENTATION_COMMENTS = YES;
				CLANG_WARN_EMPTY_BODY = YES;
				CLANG_WARN_ENUM_CONVERSION = YES;
				CLANG_WARN_INFINITE_RECURSION = YES;
				CLANG_WARN_INT_CONVERSION = YES;
				CLANG_WARN_NON_LITERAL_NULL_CONVERSION = YES;
				CLANG_WARN_OBJC_IMPLICIT_RETAIN_SELF = YES;
				CLANG_WARN_OBJC_LITERAL_CONVERSION = YES;
				CLANG_WARN_OBJC_ROOT_CLASS = YES_ERROR;
				CLANG_WARN_QUOTED_INCLUDE_IN_FRAMEWORK_HEADER = YES;
				CLANG_WARN_RANGE_LOOP_ANALYSIS = YES;
				CLANG_WARN_STRICT_PROTOTYPES = YES;
				CLANG_WARN_SUSPICIOUS_MOVE = YES;
				CLANG_WARN_UNGUARDED_AVAILABILITY = YES_AGGRESSIVE;
				CLANG_WARN_UNREACHABLE_CODE = YES;
				CLANG_WARN__DUPLICATE_METHOD_MATCH = YES;
				COPY_PHASE_STRIP = NO;
				DEBUG_INFORMATION_FORMAT = dwarf;
				ENABLE_STRICT_OBJC_MSGSEND = YES;
				ENABLE_TESTABILITY = YES;
				GCC_C_LANGUAGE_STANDARD = gnu11;
				GCC_DYNAMIC_NO_PIC = NO;
				GCC_NO_COMMON_BLOCKS = YES;
				GCC_OPTIMIZATION_LEVEL = 0;
				GCC_PREPROCESSOR_DEFINITIONS = (
					"DEBUG=1",
					"$(inherited)",
				);
				GCC_WARN_64_TO_32_BIT_CONVERSION = YES;
				GCC_WARN_ABOUT_RETURN_TYPE = YES_ERROR;
				GCC_WARN_UNDECLARED_SELECTOR = YES;
				GCC_WARN_UNINITIALIZED_AUTOS = YES_AGGRESSIVE;
				GCC_WARN_UNUSED_FUNCTION = YES;
				GCC_WARN_UNUSED_VARIABLE = YES;
				IPHONEOS_DEPLOYMENT_TARGET = 15.0;
				MTL_ENABLE_DEBUG_INFO = INCLUDE_SOURCE;
				MTL_FAST_MATH = YES;
				ONLY_ACTIVE_ARCH = YES;
				SDKROOT = iphoneos;
				SWIFT_ACTIVE_COMPILATION_CONDITIONS = DEBUG;
				SWIFT_OPTIMIZATION_LEVEL = "-Onone";
			};
			name = Debug;
		};
		BB7CB2ED27FF8F2800D2240F /* Release */ = {
			isa = XCBuildConfiguration;
			buildSettings = {
				ALWAYS_SEARCH_USER_PATHS = NO;
				CLANG_ANALYZER_NONNULL = YES;
				CLANG_ANALYZER_NUMBER_OBJECT_CONVERSION = YES_AGGRESSIVE;
				CLANG_CXX_LANGUAGE_STANDARD = "gnu++17";
				CLANG_CXX_LIBRARY = "libc++";
				CLANG_ENABLE_MODULES = YES;
				CLANG_ENABLE_OBJC_ARC = YES;
				CLANG_ENABLE_OBJC_WEAK = YES;
				CLANG_WARN_BLOCK_CAPTURE_AUTORELEASING = YES;
				CLANG_WARN_BOOL_CONVERSION = YES;
				CLANG_WARN_COMMA = YES;
				CLANG_WARN_CONSTANT_CONVERSION = YES;
				CLANG_WARN_DEPRECATED_OBJC_IMPLEMENTATIONS = YES;
				CLANG_WARN_DIRECT_OBJC_ISA_USAGE = YES_ERROR;
				CLANG_WARN_DOCUMENTATION_COMMENTS = YES;
				CLANG_WARN_EMPTY_BODY = YES;
				CLANG_WARN_ENUM_CONVERSION = YES;
				CLANG_WARN_INFINITE_RECURSION = YES;
				CLANG_WARN_INT_CONVERSION = YES;
				CLANG_WARN_NON_LITERAL_NULL_CONVERSION = YES;
				CLANG_WARN_OBJC_IMPLICIT_RETAIN_SELF = YES;
				CLANG_WARN_OBJC_LITERAL_CONVERSION = YES;
				CLANG_WARN_OBJC_ROOT_CLASS = YES_ERROR;
				CLANG_WARN_QUOTED_INCLUDE_IN_FRAMEWORK_HEADER = YES;
				CLANG_WARN_RANGE_LOOP_ANALYSIS = YES;
				CLANG_WARN_STRICT_PROTOTYPES = YES;
				CLANG_WARN_SUSPICIOUS_MOVE = YES;
				CLANG_WARN_UNGUARDED_AVAILABILITY = YES_AGGRESSIVE;
				CLANG_WARN_UNREACHABLE_CODE = YES;
				CLANG_WARN__DUPLICATE_METHOD_MATCH = YES;
				COPY_PHASE_STRIP = NO;
				DEBUG_INFORMATION_FORMAT = "dwarf-with-dsym";
				ENABLE_NS_ASSERTIONS = NO;
				ENABLE_STRICT_OBJC_MSGSEND = YES;
				GCC_C_LANGUAGE_STANDARD = gnu11;
				GCC_NO_COMMON_BLOCKS = YES;
				GCC_WARN_64_TO_32_BIT_CONVERSION = YES;
				GCC_WARN_ABOUT_RETURN_TYPE = YES_ERROR;
				GCC_WARN_UNDECLARED_SELECTOR = YES;
				GCC_WARN_UNINITIALIZED_AUTOS = YES_AGGRESSIVE;
				GCC_WARN_UNUSED_FUNCTION = YES;
				GCC_WARN_UNUSED_VARIABLE = YES;
				IPHONEOS_DEPLOYMENT_TARGET = 15.0;
				MTL_ENABLE_DEBUG_INFO = NO;
				MTL_FAST_MATH = YES;
				SDKROOT = iphoneos;
				SWIFT_COMPILATION_MODE = wholemodule;
				SWIFT_OPTIMIZATION_LEVEL = "-O";
				VALIDATE_PRODUCT = YES;
			};
			name = Release;
		};
		BB7CB2EF27FF8F2800D2240F /* Debug */ = {
			isa = XCBuildConfiguration;
			buildSettings = {
				ASSETCATALOG_COMPILER_APPICON_NAME = AppIcon;
				ASSETCATALOG_COMPILER_GLOBAL_ACCENT_COLOR_NAME = AccentColor;
				CODE_SIGN_STYLE = Automatic;
				CURRENT_PROJECT_VERSION = 1;
				DEVELOPMENT_ASSET_PATHS = "\"ToDoAppSwiftUI/Preview Content\"";
				DEVELOPMENT_TEAM = EYSRG3T5ZC;
				ENABLE_PREVIEWS = YES;
				GENERATE_INFOPLIST_FILE = YES;
				INFOPLIST_FILE = ToDoAppSwiftUI/Info.plist;
				INFOPLIST_KEY_UIApplicationSceneManifest_Generation = YES;
				INFOPLIST_KEY_UIApplicationSupportsIndirectInputEvents = YES;
				INFOPLIST_KEY_UISupportedInterfaceOrientations_iPad = "UIInterfaceOrientationPortrait UIInterfaceOrientationPortraitUpsideDown UIInterfaceOrientationLandscapeLeft UIInterfaceOrientationLandscapeRight";
				INFOPLIST_KEY_UISupportedInterfaceOrientations_iPhone = "UIInterfaceOrientationPortrait UIInterfaceOrientationLandscapeLeft UIInterfaceOrientationLandscapeRight";
				IPHONEOS_DEPLOYMENT_TARGET = 14.0;
				LD_RUNPATH_SEARCH_PATHS = (
					"$(inherited)",
					"@executable_path/Frameworks",
				);
				MARKETING_VERSION = 1.0;
				PRODUCT_BUNDLE_IDENTIFIER = com.hamza.todoapp.ToDoAppSwiftUI;
				PRODUCT_NAME = "$(TARGET_NAME)";
				SWIFT_EMIT_LOC_STRINGS = YES;
				SWIFT_VERSION = 5.0;
				TARGETED_DEVICE_FAMILY = "1,2";
			};
			name = Debug;
		};
		BB7CB2F027FF8F2800D2240F /* Release */ = {
			isa = XCBuildConfiguration;
			buildSettings = {
				ASSETCATALOG_COMPILER_APPICON_NAME = AppIcon;
				ASSETCATALOG_COMPILER_GLOBAL_ACCENT_COLOR_NAME = AccentColor;
				CODE_SIGN_STYLE = Automatic;
				CURRENT_PROJECT_VERSION = 1;
				DEVELOPMENT_ASSET_PATHS = "\"ToDoAppSwiftUI/Preview Content\"";
				DEVELOPMENT_TEAM = EYSRG3T5ZC;
				ENABLE_PREVIEWS = YES;
				GENERATE_INFOPLIST_FILE = YES;
				INFOPLIST_FILE = ToDoAppSwiftUI/Info.plist;
				INFOPLIST_KEY_UIApplicationSceneManifest_Generation = YES;
				INFOPLIST_KEY_UIApplicationSupportsIndirectInputEvents = YES;
				INFOPLIST_KEY_UISupportedInterfaceOrientations_iPad = "UIInterfaceOrientationPortrait UIInterfaceOrientationPortraitUpsideDown UIInterfaceOrientationLandscapeLeft UIInterfaceOrientationLandscapeRight";
				INFOPLIST_KEY_UISupportedInterfaceOrientations_iPhone = "UIInterfaceOrientationPortrait UIInterfaceOrientationLandscapeLeft UIInterfaceOrientationLandscapeRight";
				IPHONEOS_DEPLOYMENT_TARGET = 14.0;
				LD_RUNPATH_SEARCH_PATHS = (
					"$(inherited)",
					"@executable_path/Frameworks",
				);
				MARKETING_VERSION = 1.0;
				PRODUCT_BUNDLE_IDENTIFIER = com.hamza.todoapp.ToDoAppSwiftUI;
				PRODUCT_NAME = "$(TARGET_NAME)";
				SWIFT_EMIT_LOC_STRINGS = YES;
				SWIFT_VERSION = 5.0;
				TARGETED_DEVICE_FAMILY = "1,2";
			};
			name = Release;
		};
/* End XCBuildConfiguration section */

/* Begin XCConfigurationList section */
		BB7CB2D627FF8F2700D2240F /* Build configuration list for PBXProject "ToDoAppSwiftUI" */ = {
			isa = XCConfigurationList;
			buildConfigurations = (
				BB7CB2EC27FF8F2800D2240F /* Debug */,
				BB7CB2ED27FF8F2800D2240F /* Release */,
			);
			defaultConfigurationIsVisible = 0;
			defaultConfigurationName = Release;
		};
		BB7CB2EE27FF8F2800D2240F /* Build configuration list for PBXNativeTarget "ToDoAppSwiftUI" */ = {
			isa = XCConfigurationList;
			buildConfigurations = (
				BB7CB2EF27FF8F2800D2240F /* Debug */,
				BB7CB2F027FF8F2800D2240F /* Release */,
			);
			defaultConfigurationIsVisible = 0;
			defaultConfigurationName = Release;
		};
/* End XCConfigurationList section */

/* Begin XCVersionGroup section */
		BB7CB2E927FF8F2800D2240F /* ToDoAppSwiftUI.xcdatamodeld */ = {
			isa = XCVersionGroup;
			children = (
				BB7CB2EA27FF8F2800D2240F /* ToDoAppSwiftUI.xcdatamodel */,
			);
			currentVersion = BB7CB2EA27FF8F2800D2240F /* ToDoAppSwiftUI.xcdatamodel */;
			path = ToDoAppSwiftUI.xcdatamodeld;
			sourceTree = "<group>";
			versionGroupType = wrapper.xcdatamodel;
		};
/* End XCVersionGroup section */
	};
	rootObject = BB7CB2D327FF8F2700D2240F /* Project object */;
}
